{
  "version": 2,
  "dependencies": {
    "net10.0": {
      "CSharpMath.SkiaSharp": {
        "type": "Direct",
        "requested": "[0.5.1, )",
        "resolved": "0.5.1",
        "contentHash": "3SMI0o2EZi2/GskH6T5s9GDaBq9u0VBd/o8Geqd+FyPxEXCcmzECOZ3PdVdob/YNevl4okOTbqZrHZS2O28/ZQ==",
        "dependencies": {
          "CSharpMath.Rendering": "0.5.1",
          "SkiaSharp": "2.80.1"
        }
      },
      "SkiaSharp": {
        "type": "Direct",
        "requested": "[4.148.0, )",
        "resolved": "4.148.0",
        "contentHash": "t+oZDnzvi0en060BFDTmJ16C0zjsiXRrtOe70luIuIi/exVZtl1obrYh8D+IoHlGtp7bqzEBVncafbAl0ttmPQ==",
        "dependencies": {
          "SkiaSharp.NativeAssets.Win32": "4.148.0",
          "SkiaSharp.NativeAssets.macOS": "4.148.0"
        }
      },
      "Avalonia.BuildServices": {
        "type": "Transitive",
        "resolved": "11.3.2",
        "contentHash": "qHDToxto1e3hci5YqbG9n0Ty8mlp3zBUN5wT66wKqaDVzXyQ0do3EnRILd4Ke9jpvsktaPpgE0YjEk7hornryQ=="
      },
      "Avalonia.Remote.Protocol": {
        "type": "Transitive",
        "resolved": "12.1.2",
        "contentHash": "DdLTe9xKXxxfRcXmUw1trXZpBpz1YiZYWXx0DfMVPFAnkCszKsHLi67kaZfGJqtfQq2EySKd2qgRYX2QYkSxcg=="
      },
      "CSharpMath": {
        "type": "Transitive",
        "resolved": "0.5.1",
        "contentHash": "CBAtejk24icPQNJWPjUDGUqklNLpfglpRxQljiezn2MQrxL5cIVuouCVnw6ipU3cft9Tq8YfS6f/JPhSjhFtFA=="
      },
      "CSharpMath.Editor": {
        "type": "Transitive",
        "resolved": "0.5.1",
        "contentHash": "q5MFAjI7TO41PtGFNHBFwOw3J3IS7Dnm7aJHEgPxMWE5wl1H5byOo0pJnGwXevjhoSRssGRJH2KCXgn0KbGJFQ==",
        "dependencies": {
          "CSharpMath": "0.5.1"
        }
      },
      "CSharpMath.Rendering": {
        "type": "Transitive",
        "resolved": "0.5.1",
        "contentHash": "H4tctQzgpQmLICON1QAJtfm3/dj4exoxEKTuF9oO5YkHXMANWNfOQKwVtAx6n78hcD6WidwF2v2pH8Z/cOw/gg==",
        "dependencies": {
          "CSharpMath.Editor": "0.5.1"
        }
      },
      "MicroCom.Runtime": {
        "type": "Transitive",
        "resolved": "0.11.6",
        "contentHash": "NdNWGDiZ6eS/Mf/9+QHR91cj1K7Hy+PX9yrHI/zM7xFYuj9IWT2uxtB6sCHjrnxAeLV9fut1R6zHDUGKX6f9lQ=="
      },
      "SkiaSharp.NativeAssets.macOS": {
        "type": "Transitive",
        "resolved": "4.148.0",
        "contentHash": "1iESVxlqNNbQUiFODuyQJ/5dYUNYwGzZBUyaKNU3pJRM8zPFUkdMW0UZcZPvd6xwrjn53HYklJyKvetXC6ri+A=="
      },
      "SkiaSharp.NativeAssets.Win32": {
        "type": "Transitive",
        "resolved": "4.148.0",
        "contentHash": "LegvQ9zAi9Tmot2YOLv8mcK+g3wbEYfCWUoC5JtyHaN8QrxsaMvfJ8pFPvnEOVuY8qXxs8vVqrO/x42/YaFDRA=="
      },
      "markview.avalonia": {
        "type": "Project",
        "dependencies": {
          "Avalonia": "[12.1.2, )",
          "Markdig": "[1.3.2, )"
        }
      },
      "Avalonia": {
        "type": "CentralTransitive",
        "requested": "[12.1.2, )",
        "resolved": "12.1.2",
        "contentHash": "GHSe4qxjbqqxB570xuB4KtoD+Qhk3uKXJUXbelGYhGz/ti8xEoL7e5DGun8hcsXHondszPPBEdcC68szw7vUKg==",
        "dependencies": {
          "Avalonia.BuildServices": "11.3.2",
          "Avalonia.Remote.Protocol": "12.1.2",
          "MicroCom.Runtime": "0.11.6"
        }
      },
      "Markdig": {
        "type": "CentralTransitive",
        "requested": "[1.3.2, )",
        "resolved": "1.3.2",
        "contentHash": "fZgOC/3CswUrndjDTac70aQpYdtxbW5+5bRumR7vzvI2HJbkmgKisB1c9oT+GA6v0jB/JDR9BLa9FiPzQmaK6A=="
      }
    }
  }
}