{
  "version": 2,
  "dependencies": {
    "net10.0": {
      "Avalonia.Headless.XUnit": {
        "type": "Direct",
        "requested": "[12.1.1, )",
        "resolved": "12.1.1",
        "contentHash": "74CbU8pPHpJzVu84CiKtsDzd1jpt/aZHKVXQPp/EyHMOsWbe5IG1Q/od4LffJhilPFSFAvopxxMVeRau73ipNg==",
        "dependencies": {
          "Avalonia.Headless": "12.1.1",
          "xunit.v3.extensibility.core": "3.2.2"
        }
      },
      "Avalonia.Themes.Fluent": {
        "type": "Direct",
        "requested": "[12.1.1, )",
        "resolved": "12.1.1",
        "contentHash": "7vdtZsM9o8I8LpU9dyiB/Ah7WB8a5V3JHLsExe4T433ynn5x57F+DBskctZuNOxml8hbe1GmtNUNkBDsqSVKVg==",
        "dependencies": {
          "Avalonia": "12.1.1"
        }
      },
      "coverlet.collector": {
        "type": "Direct",
        "requested": "[10.0.1, )",
        "resolved": "10.0.1",
        "contentHash": "27jXSV/0DbVqF5jDrAxuQFZ9oaz6gmG03p8ttxAFk+X0M4woFYj7MoWDLCna5EGLb0CE6OE7X6ZH3Wt5smTtaA=="
      },
      "Microsoft.NET.Test.Sdk": {
        "type": "Direct",
        "requested": "[18.9.0, )",
        "resolved": "18.9.0",
        "contentHash": "xIzVXa/VpKXqDWzyC/5Hw8JbFY5u9k3Jc53CpcjBiOXvkQGio484LD9FNwOiGUSMDcYL3Rcw9sNgGi5WrswlPQ==",
        "dependencies": {
          "Microsoft.CodeCoverage": "18.9.0",
          "Microsoft.TestPlatform.TestHost": "18.9.0"
        }
      },
      "xunit.runner.visualstudio": {
        "type": "Direct",
        "requested": "[3.1.5, )",
        "resolved": "3.1.5",
        "contentHash": "tKi7dSTwP4m5m9eXPM2Ime4Kn7xNf4x4zT9sdLO/G4hZVnQCRiMTWoSZqI/pYTVeI27oPPqHBKYI/DjJ9GsYgA=="
      },
      "xunit.v3": {
        "type": "Direct",
        "requested": "[3.2.2, )",
        "resolved": "3.2.2",
        "contentHash": "L+4/4y0Uqcg8/d6hfnxhnwh4j9FaeULvefTwrk30rr1o4n/vdPfyUQ8k0yzH8VJx7bmFEkDdcRfbtbjEHlaYcA==",
        "dependencies": {
          "xunit.v3.mtp-v1": "[3.2.2]"
        }
      },
      "Avalonia.BuildServices": {
        "type": "Transitive",
        "resolved": "11.3.2",
        "contentHash": "qHDToxto1e3hci5YqbG9n0Ty8mlp3zBUN5wT66wKqaDVzXyQ0do3EnRILd4Ke9jpvsktaPpgE0YjEk7hornryQ=="
      },
      "Avalonia.HarfBuzz": {
        "type": "Transitive",
        "resolved": "12.1.1",
        "contentHash": "vgd/Fl4bIXgv3QtYk6WCd6iGAag4i3OOAozo6/DW3xPr5dWjpi1MmJaeE9MYoZBEDJ4egD0gfHz6nYhkDADz9g==",
        "dependencies": {
          "Avalonia": "12.1.1",
          "HarfBuzzSharp": "8.3.1.3",
          "HarfBuzzSharp.NativeAssets.Linux": "8.3.1.3",
          "HarfBuzzSharp.NativeAssets.WebAssembly": "8.3.1.3"
        }
      },
      "Avalonia.Headless": {
        "type": "Transitive",
        "resolved": "12.1.1",
        "contentHash": "+iIeqFnh3/Z91hrQjlhpR6I72fV7q6zjAksQvenPblqgHvsF2PY63eXfBz7H7bmk0WHtuROiFQKLxx//AHInJQ==",
        "dependencies": {
          "Avalonia": "12.1.1",
          "Avalonia.Fonts.Inter": "12.1.1",
          "Avalonia.HarfBuzz": "12.1.1"
        }
      },
      "Avalonia.Remote.Protocol": {
        "type": "Transitive",
        "resolved": "12.1.1",
        "contentHash": "0u77tnOwJnHtVLu+WBY7T56fN9W8n7++Uq9kHW6J+bfv5y13WZUMVS+PBzoBe32taYvz/oSomDGO1V41AHaFcQ=="
      },
      "Avalonia.Skia": {
        "type": "Transitive",
        "resolved": "12.0.0",
        "contentHash": "IZM3kE0m8glk3wS1ygASkox08/knVXy05qCbtpFbp3Ochk5/5+89jJoe94ECCmptiVS6XP2h9R13N7t3EuSFlA==",
        "dependencies": {
          "Avalonia": "12.0.0",
          "HarfBuzzSharp": "8.3.1.3",
          "HarfBuzzSharp.NativeAssets.Linux": "8.3.1.3",
          "HarfBuzzSharp.NativeAssets.WebAssembly": "8.3.1.3",
          "SkiaSharp": "3.119.3-preview.1.1",
          "SkiaSharp.NativeAssets.Linux": "3.119.3-preview.1.1",
          "SkiaSharp.NativeAssets.WebAssembly": "3.119.3-preview.1.1"
        }
      },
      "ExCSS": {
        "type": "Transitive",
        "resolved": "4.3.1",
        "contentHash": "A8UtcghHQlWxPJhJF5bsfEYO7068JHGTuJ7tzyyMjd5fE/N/xY1cVOUhzuLLFwMOCJVnM4mqSQc93W9fGfZ1kA=="
      },
      "HarfBuzzSharp": {
        "type": "Transitive",
        "resolved": "14.2.0",
        "contentHash": "B9zczdZELTKyJoNZXJLTgq+Ho2Z6H8oFcFbelvmHixkA8/2sH9acE589KvOa951g1aN262pOU5ThhZxw33bGSg==",
        "dependencies": {
          "HarfBuzzSharp.NativeAssets.Win32": "14.2.0",
          "HarfBuzzSharp.NativeAssets.macOS": "14.2.0"
        }
      },
      "HarfBuzzSharp.NativeAssets.Linux": {
        "type": "Transitive",
        "resolved": "14.2.0",
        "contentHash": "KgdkGoqCoRPAdekskR9asBbY5tzfqRcYQ0/+hz8rvPMAmbQqX1g57xr6rbGUyIVY5j5ioExZWUZ10QocUVpgwQ=="
      },
      "HarfBuzzSharp.NativeAssets.macOS": {
        "type": "Transitive",
        "resolved": "14.2.0",
        "contentHash": "v2AfGa0Q0aNRz7glbRTvkrR8w2pipUpyRHDNjOCPXnnHE3pjY0ycTY0L7dL/AByd53aQ0AGPwIEP1H9hZPPywg=="
      },
      "HarfBuzzSharp.NativeAssets.WebAssembly": {
        "type": "Transitive",
        "resolved": "8.3.1.3",
        "contentHash": "w2QfdNm9Uz/sUa0B5D+OnVQhyq3G/fBq6ibQMdWBlQqqwh0g0/5j3RFvYqZAmRZ5+RzvjVe8o8SFFnWYUSkuxA=="
      },
      "HarfBuzzSharp.NativeAssets.Win32": {
        "type": "Transitive",
        "resolved": "14.2.0",
        "contentHash": "NCqaG3bJDl66JdmHeyOpRUf4eiGVwu8OSxGv6ukofBiukVyUpWj01btr/telMQLQ+XuQ83iDpi6NRDFoRIcojA=="
      },
      "MicroCom.Runtime": {
        "type": "Transitive",
        "resolved": "0.11.6",
        "contentHash": "NdNWGDiZ6eS/Mf/9+QHR91cj1K7Hy+PX9yrHI/zM7xFYuj9IWT2uxtB6sCHjrnxAeLV9fut1R6zHDUGKX6f9lQ=="
      },
      "Microsoft.ApplicationInsights": {
        "type": "Transitive",
        "resolved": "2.23.0",
        "contentHash": "nWArUZTdU7iqZLycLKWe0TDms48KKGE6pONH2terYNa8REXiqixrMOkf1sk5DHGMaUTqONU2YkS4SAXBhLStgw=="
      },
      "Microsoft.Bcl.AsyncInterfaces": {
        "type": "Transitive",
        "resolved": "6.0.0",
        "contentHash": "UcSjPsst+DfAdJGVDsu346FX0ci0ah+lw3WRtn18NUwEqRt70HaOQ7lI72vy3+1LxtqI3T5GWwV39rQSrCzAeg=="
      },
      "Microsoft.CodeCoverage": {
        "type": "Transitive",
        "resolved": "18.9.0",
        "contentHash": "MtegCIKGuG0r/LCdIjoR1HgzCGIUBhR3aNdbtQpts5vMXQuqBDZ2Jsd2uFKoHFM2XrQV6ZrDf3F5oLi3SLTp8w=="
      },
      "Microsoft.Extensions.ObjectPool": {
        "type": "Transitive",
        "resolved": "10.0.3",
        "contentHash": "dQKlVXzqflsv5X8iDlAN5YmTL1GcLCrOLKo1s9PNdfjqxeu0S/jmWTfiLGno+8+o1qFL3+VFAH5/ftmypN+sPw=="
      },
      "Microsoft.Testing.Extensions.Telemetry": {
        "type": "Transitive",
        "resolved": "1.9.1",
        "contentHash": "No5AudZMmSb+uNXjlgL2y3/stHD2IT4uxqc5yHwkE+/nNux9jbKcaJMvcp9SwgP4DVD8L9/P3OUz8mmmcvEIdQ==",
        "dependencies": {
          "Microsoft.ApplicationInsights": "2.23.0",
          "Microsoft.Testing.Platform": "1.9.1"
        }
      },
      "Microsoft.Testing.Extensions.TrxReport.Abstractions": {
        "type": "Transitive",
        "resolved": "1.9.1",
        "contentHash": "AL46Xe1WBi85Ntd4mNPvat5ZSsZ2uejiVqoKCypr8J3wK0elA5xJ3AN4G/Q4GIwzUFnggZoH/DBjnr9J18IO/g==",
        "dependencies": {
          "Microsoft.Testing.Platform": "1.9.1"
        }
      },
      "Microsoft.Testing.Platform": {
        "type": "Transitive",
        "resolved": "1.9.1",
        "contentHash": "QafNtNSmEI0zazdebnsIkDKmFtTSpmx/5PLOjURWwozcPb3tvRxzosQSL8xwYNM1iPhhKiBksXZyRSE2COisrA=="
      },
      "Microsoft.Testing.Platform.MSBuild": {
        "type": "Transitive",
        "resolved": "1.9.1",
        "contentHash": "oTUtyR4X/s9ytuiNA29FGsNCCH0rNmY5Wdm14NCKLjTM1cT9edVSlA+rGS/mVmusPqcP0l/x9qOnMXg16v87RQ==",
        "dependencies": {
          "Microsoft.Testing.Platform": "1.9.1"
        }
      },
      "Microsoft.TestPlatform.ObjectModel": {
        "type": "Transitive",
        "resolved": "18.9.0",
        "contentHash": "Fz/qXC52VXXopzHj7v2reCKcCqSxkTDCkEDfkNAH0vni/7qK/KLMiEYtRmnUanxO2F2g2zZZ60qCpxF0AF7URA=="
      },
      "Microsoft.TestPlatform.TestHost": {
        "type": "Transitive",
        "resolved": "18.9.0",
        "contentHash": "Oq+Pma/J86aZL72t71bcESvDszDsTjUfl6PIsuDdPoKTHZfNMhKamCfLD5fKx51W/u0KozXtJo2/3fnt0sgPxg==",
        "dependencies": {
          "Microsoft.TestPlatform.ObjectModel": "18.9.0"
        }
      },
      "Microsoft.Win32.Registry": {
        "type": "Transitive",
        "resolved": "5.0.0",
        "contentHash": "dDoKi0PnDz31yAyETfRntsLArTlVAVzUzCIvvEDsDsucrl33Dl8pIJG06ePTJTI3tGpeyHS9Cq7Foc/s4EeKcg=="
      },
      "ShimSkiaSharp": {
        "type": "Transitive",
        "resolved": "5.2.1",
        "contentHash": "mUPSMxfW+vjtwDPrbhK3ILQg8D7aud7JO7p2Y5cqPmKf+s2erTyfEWohlVHCjSSDPvpT5L4aKLqnW02JCfGvag=="
      },
      "SkiaSharp": {
        "type": "Transitive",
        "resolved": "4.148.0",
        "contentHash": "t+oZDnzvi0en060BFDTmJ16C0zjsiXRrtOe70luIuIi/exVZtl1obrYh8D+IoHlGtp7bqzEBVncafbAl0ttmPQ==",
        "dependencies": {
          "SkiaSharp.NativeAssets.Win32": "4.148.0",
          "SkiaSharp.NativeAssets.macOS": "4.148.0"
        }
      },
      "SkiaSharp.NativeAssets.Linux": {
        "type": "Transitive",
        "resolved": "4.148.0",
        "contentHash": "diba2vLeoKmWVkVTdXYOG14c7+s5FsH/AQZ5UPiFLRwLKgrCQNJPLKw8q60HzfOcJt+t/blv+1xkinqd5ZjX5A=="
      },
      "SkiaSharp.NativeAssets.macOS": {
        "type": "Transitive",
        "resolved": "4.148.0",
        "contentHash": "1iESVxlqNNbQUiFODuyQJ/5dYUNYwGzZBUyaKNU3pJRM8zPFUkdMW0UZcZPvd6xwrjn53HYklJyKvetXC6ri+A=="
      },
      "SkiaSharp.NativeAssets.WebAssembly": {
        "type": "Transitive",
        "resolved": "3.119.3-preview.1.1",
        "contentHash": "Gzvr/fcJZODWNoLVBAIiM8NKudvZ9yL6WHb87fk7iadio9BWQR7GS0fUvWvE3kYaRAAutsjPdGAnkDR0ujlVDw=="
      },
      "SkiaSharp.NativeAssets.Win32": {
        "type": "Transitive",
        "resolved": "4.148.0",
        "contentHash": "LegvQ9zAi9Tmot2YOLv8mcK+g3wbEYfCWUoC5JtyHaN8QrxsaMvfJ8pFPvnEOVuY8qXxs8vVqrO/x42/YaFDRA=="
      },
      "Sugiyama": {
        "type": "Transitive",
        "resolved": "0.12.2",
        "contentHash": "zctOh0QNzLLzrkaV9WJO15bLCQ2Fvl4Lf/zEoFaMeoD244B9pTXiHEikM3PXkj+CniiOwJg6uYNL/ZDaNWAJ0w=="
      },
      "Svg.Animation": {
        "type": "Transitive",
        "resolved": "5.2.1",
        "contentHash": "/WKtsXMKAGIoiNzETQvQQtwoO3V2gEonkxqwrEdiGPSXuTG9Q0c6K34P06HhVXnLaZjjvxja+vOIKVSUucXOug==",
        "dependencies": {
          "ShimSkiaSharp": "5.2.1",
          "SkiaSharp": "4.148.0",
          "Svg.Custom": "5.2.1",
          "Svg.Model": "5.2.1"
        }
      },
      "Svg.Custom": {
        "type": "Transitive",
        "resolved": "5.2.1",
        "contentHash": "7qAG1I0FGlMwOJk0Js41TmvRJ0eLJPpz8Edd8DOzsotLikUhYGDZZlwXV+6sKvsApfIZEfarH0KwI38T9OHsmw==",
        "dependencies": {
          "ExCSS": "4.3.1"
        }
      },
      "Svg.Model": {
        "type": "Transitive",
        "resolved": "5.2.1",
        "contentHash": "0+fG1BFw3QoXj+4sxpaXpLDZXz+Snb289epyP3HKjEjUUoWVsErMZb6teo4dVj8KElRJIeXjX6jD1C0B1vLRXw==",
        "dependencies": {
          "ShimSkiaSharp": "5.2.1",
          "Svg.Custom": "5.2.1"
        }
      },
      "Svg.SceneGraph": {
        "type": "Transitive",
        "resolved": "5.2.1",
        "contentHash": "vm2QxbPv5MraL7T2+1dh0m8lGQqtW37RK4iOHvBsJQHQzcuDlCR+uX/Oiun77kS2US2OC23zfaIFEYWGwocXLw==",
        "dependencies": {
          "ShimSkiaSharp": "5.2.1",
          "Svg.Custom": "5.2.1",
          "Svg.Model": "5.2.1"
        }
      },
      "Svg.Skia": {
        "type": "Transitive",
        "resolved": "5.2.1",
        "contentHash": "es8F7MSeJJgc30Dmi0ZsrPpGQmLTQuS3DCvHcJ9wYlNAt3oHEoEzg5ugX3bwMPFejrPNLNjPpr1VOiMrpFyvIA==",
        "dependencies": {
          "HarfBuzzSharp": "14.2.0",
          "HarfBuzzSharp.NativeAssets.Linux": "14.2.0",
          "HarfBuzzSharp.NativeAssets.Win32": "14.2.0",
          "HarfBuzzSharp.NativeAssets.macOS": "14.2.0",
          "SkiaSharp": "4.148.0",
          "Svg.Animation": "5.2.1",
          "Svg.Custom": "5.2.1",
          "Svg.Model": "5.2.1",
          "Svg.SceneGraph": "5.2.1"
        }
      },
      "xunit.analyzers": {
        "type": "Transitive",
        "resolved": "1.27.0",
        "contentHash": "y/pxIQaLvk/kxAoDkZW9GnHLCEqzwl5TW0vtX3pweyQpjizB9y3DXhb9pkw2dGeUqhLjsxvvJM1k89JowU6z3g=="
      },
      "xunit.v3.assert": {
        "type": "Transitive",
        "resolved": "3.2.2",
        "contentHash": "BPciBghgEEaJN/JG00QfCYDfEfnLgQhfnYEy+j1izoeHVNYd5+3Wm8GJ6JgYysOhpBPYGE+sbf75JtrRc7jrdA=="
      },
      "xunit.v3.common": {
        "type": "Transitive",
        "resolved": "3.2.2",
        "contentHash": "Hj775PEH6GTbbg0wfKRvG2hNspDCvTH9irXhH4qIWgdrOSV1sQlqPie+DOvFeigsFg2fxSM3ZAaaCDQs+KreFA==",
        "dependencies": {
          "Microsoft.Bcl.AsyncInterfaces": "6.0.0"
        }
      },
      "xunit.v3.core.mtp-v1": {
        "type": "Transitive",
        "resolved": "3.2.2",
        "contentHash": "Ga5aA2Ca9ktz+5k3g5ukzwfexwoqwDUpV6z7atSEUvqtd6JuybU1XopHqg1oFd78QdTfZgZE9h5sHpO4qYIi5w==",
        "dependencies": {
          "Microsoft.Testing.Extensions.Telemetry": "1.9.1",
          "Microsoft.Testing.Extensions.TrxReport.Abstractions": "1.9.1",
          "Microsoft.Testing.Platform": "1.9.1",
          "Microsoft.Testing.Platform.MSBuild": "1.9.1",
          "xunit.v3.extensibility.core": "[3.2.2]",
          "xunit.v3.runner.inproc.console": "[3.2.2]"
        }
      },
      "xunit.v3.extensibility.core": {
        "type": "Transitive",
        "resolved": "3.2.2",
        "contentHash": "srY8z/oMPvh/t8axtO2DwrHajhFMH7tnqKildvYrVQIfICi8fOn3yIBWkVPAcrKmHMwvXRJ/XsQM3VMR6DOYfQ==",
        "dependencies": {
          "xunit.v3.common": "[3.2.2]"
        }
      },
      "xunit.v3.mtp-v1": {
        "type": "Transitive",
        "resolved": "3.2.2",
        "contentHash": "O41aAzYKBT5PWqATa1oEWVNCyEUypFQ4va6K0kz37dduV3EKzXNMaV2UnEhufzU4Cce1I33gg0oldS8tGL5I0A==",
        "dependencies": {
          "xunit.analyzers": "1.27.0",
          "xunit.v3.assert": "[3.2.2]",
          "xunit.v3.core.mtp-v1": "[3.2.2]"
        }
      },
      "xunit.v3.runner.common": {
        "type": "Transitive",
        "resolved": "3.2.2",
        "contentHash": "/hkHkQCzGrugelOAehprm7RIWdsUFVmIVaD6jDH/8DNGCymTlKKPTbGokD5czbAfqfex47mBP0sb0zbHYwrO/g==",
        "dependencies": {
          "Microsoft.Win32.Registry": "[5.0.0]",
          "xunit.v3.common": "[3.2.2]"
        }
      },
      "xunit.v3.runner.inproc.console": {
        "type": "Transitive",
        "resolved": "3.2.2",
        "contentHash": "ulWOdSvCk+bPXijJZ73bth9NyoOHsAs1ZOvamYbCkD4DNLX/Bd29Ve2ZNUwBbK0MqfIYWXHZViy/HKrdEC/izw==",
        "dependencies": {
          "xunit.v3.extensibility.core": "[3.2.2]",
          "xunit.v3.runner.common": "[3.2.2]"
        }
      },
      "markview.avalonia": {
        "type": "Project",
        "dependencies": {
          "Avalonia": "[12.1.1, )",
          "Markdig": "[1.3.2, )"
        }
      },
      "markview.avalonia.mermaid": {
        "type": "Project",
        "dependencies": {
          "MarkView.Avalonia": "[1.0.0, )",
          "Mermaider": "[0.12.2, )",
          "Svg.Controls.Skia.Avalonia": "[12.0.0.15, )"
        }
      },
      "Avalonia": {
        "type": "CentralTransitive",
        "requested": "[12.1.1, )",
        "resolved": "12.1.1",
        "contentHash": "o8pZ1oE9AQ6gklpGM0lnOBp/JlVH0J/0mYszBf0GsSAcEnzHNCLM9NnrPZwKu4j2q9oNbVHYzzEPkszQeuqaKw==",
        "dependencies": {
          "Avalonia.BuildServices": "11.3.2",
          "Avalonia.Remote.Protocol": "12.1.1",
          "MicroCom.Runtime": "0.11.6"
        }
      },
      "Avalonia.Fonts.Inter": {
        "type": "CentralTransitive",
        "requested": "[12.1.1, )",
        "resolved": "12.1.1",
        "contentHash": "V2d7OM1jybcl31KThdhf8XSl5SjQ6Ll/tXIfwQ00kMeWuPegRcOx8DLVpECHOOEKO9JZelXW0enuUu1D7Svikg==",
        "dependencies": {
          "Avalonia": "12.1.1"
        }
      },
      "Markdig": {
        "type": "CentralTransitive",
        "requested": "[1.3.2, )",
        "resolved": "1.3.2",
        "contentHash": "fZgOC/3CswUrndjDTac70aQpYdtxbW5+5bRumR7vzvI2HJbkmgKisB1c9oT+GA6v0jB/JDR9BLa9FiPzQmaK6A=="
      },
      "Mermaider": {
        "type": "CentralTransitive",
        "requested": "[0.12.2, )",
        "resolved": "0.12.2",
        "contentHash": "GGTKdAUc22Sus45Rkf0oPQjrQq5yOTIaFjXZoo3IBY0HB7Nbn6MyXXrknmdy5YADZBRNK3awV6sw9QY1KXfpfQ==",
        "dependencies": {
          "Microsoft.Extensions.ObjectPool": "10.0.3",
          "Sugiyama": "0.12.2"
        }
      },
      "Svg.Controls.Skia.Avalonia": {
        "type": "CentralTransitive",
        "requested": "[12.0.0.15, )",
        "resolved": "12.0.0.15",
        "contentHash": "dpL8LvvKBkVB8oAOgou+aSQEfyWVMWY79UN7EZDcF1PHGoINhBDwGVoBLItA7SEdjpy3d+5LegABYGxeu0Ou1w==",
        "dependencies": {
          "Avalonia.Skia": "12.0.0",
          "SkiaSharp.NativeAssets.Linux": "4.148.0",
          "Svg.Skia": "5.2.1"
        }
      }
    }
  }
}