{
  "version": 2,
  "dependencies": {
    "net10.0": {
      "Avalonia.Headless.XUnit": {
        "type": "Direct",
        "requested": "[12.0.4, )",
        "resolved": "12.0.4",
        "contentHash": "qfic3uXgnVAydLTOEOtq59axGh0ctMtQd0780paNjkNWitJoLb4iDpS9CEeFtVL6Xb4+3c3xgVaAUHcl9Z2VFA==",
        "dependencies": {
          "Avalonia.Headless": "12.0.4",
          "xunit.v3.extensibility.core": "3.2.2"
        }
      },
      "Avalonia.Themes.Fluent": {
        "type": "Direct",
        "requested": "[12.0.4, )",
        "resolved": "12.0.4",
        "contentHash": "SWhg/CGDkQmYspvYHSH7f6OTqhAfdbK5oBpitL1TiGVc/KtslShZeQyW9kLo6vYajJmbjZG01gNGplcmjEyV4g==",
        "dependencies": {
          "Avalonia": "12.0.4"
        }
      },
      "coverlet.collector": {
        "type": "Direct",
        "requested": "[10.0.1, )",
        "resolved": "10.0.1",
        "contentHash": "27jXSV/0DbVqF5jDrAxuQFZ9oaz6gmG03p8ttxAFk+X0M4woFYj7MoWDLCna5EGLb0CE6OE7X6ZH3Wt5smTtaA=="
      },
      "Microsoft.NET.Test.Sdk": {
        "type": "Direct",
        "requested": "[18.6.0, )",
        "resolved": "18.6.0",
        "contentHash": "kAIBt0MsYR0o2RULmlW5BhQ1ha50aGEgLKG4f1p0kePBGLJCprqs3S+NxRrYN8UH7mSQRPKpeiH9mwPMEKUObQ==",
        "dependencies": {
          "Microsoft.CodeCoverage": "18.6.0",
          "Microsoft.TestPlatform.TestHost": "18.6.0"
        }
      },
      "xunit.runner.visualstudio": {
        "type": "Direct",
        "requested": "[3.1.5, )",
        "resolved": "3.1.5",
        "contentHash": "tKi7dSTwP4m5m9eXPM2Ime4Kn7xNf4x4zT9sdLO/G4hZVnQCRiMTWoSZqI/pYTVeI27oPPqHBKYI/DjJ9GsYgA=="
      },
      "xunit.v3": {
        "type": "Direct",
        "requested": "[3.2.2, )",
        "resolved": "3.2.2",
        "contentHash": "L+4/4y0Uqcg8/d6hfnxhnwh4j9FaeULvefTwrk30rr1o4n/vdPfyUQ8k0yzH8VJx7bmFEkDdcRfbtbjEHlaYcA==",
        "dependencies": {
          "xunit.v3.mtp-v1": "[3.2.2]"
        }
      },
      "Avalonia.BuildServices": {
        "type": "Transitive",
        "resolved": "11.3.2",
        "contentHash": "qHDToxto1e3hci5YqbG9n0Ty8mlp3zBUN5wT66wKqaDVzXyQ0do3EnRILd4Ke9jpvsktaPpgE0YjEk7hornryQ=="
      },
      "Avalonia.HarfBuzz": {
        "type": "Transitive",
        "resolved": "12.0.4",
        "contentHash": "FT5XHaxnCA+kj+Q6dXAPC9/Gy1eBz3buT7T6KJFu+P8+2WZoSFBN5Pk4mO/VA8OTUwtZB/TOX8lExSrmxUBdqw==",
        "dependencies": {
          "Avalonia": "12.0.4",
          "HarfBuzzSharp": "8.3.1.3",
          "HarfBuzzSharp.NativeAssets.Linux": "8.3.1.3",
          "HarfBuzzSharp.NativeAssets.WebAssembly": "8.3.1.3"
        }
      },
      "Avalonia.Headless": {
        "type": "Transitive",
        "resolved": "12.0.4",
        "contentHash": "KFr6cX3QADbx9KeisLdK1MAWywibnzSOxi0mBOT/oKU+niVJ2lJzmOqNnhpmzrkiczNwULbnT0Jg8RRA4uGSDg==",
        "dependencies": {
          "Avalonia": "12.0.4",
          "Avalonia.Fonts.Inter": "12.0.4",
          "Avalonia.HarfBuzz": "12.0.4"
        }
      },
      "Avalonia.Remote.Protocol": {
        "type": "Transitive",
        "resolved": "12.0.4",
        "contentHash": "Cvnzp2KTO7BScBPnn4Q91PmVwLvv19of+ZxrN3KFHYQe8in0qNaefZgOHGEiXZ841WpdO3VUFw7qvxv/1RTTGg=="
      },
      "Avalonia.Skia": {
        "type": "Transitive",
        "resolved": "12.0.0",
        "contentHash": "IZM3kE0m8glk3wS1ygASkox08/knVXy05qCbtpFbp3Ochk5/5+89jJoe94ECCmptiVS6XP2h9R13N7t3EuSFlA==",
        "dependencies": {
          "Avalonia": "12.0.0",
          "HarfBuzzSharp": "8.3.1.3",
          "HarfBuzzSharp.NativeAssets.Linux": "8.3.1.3",
          "HarfBuzzSharp.NativeAssets.WebAssembly": "8.3.1.3",
          "SkiaSharp": "3.119.3-preview.1.1",
          "SkiaSharp.NativeAssets.Linux": "3.119.3-preview.1.1",
          "SkiaSharp.NativeAssets.WebAssembly": "3.119.3-preview.1.1"
        }
      },
      "ExCSS": {
        "type": "Transitive",
        "resolved": "4.3.1",
        "contentHash": "A8UtcghHQlWxPJhJF5bsfEYO7068JHGTuJ7tzyyMjd5fE/N/xY1cVOUhzuLLFwMOCJVnM4mqSQc93W9fGfZ1kA=="
      },
      "HarfBuzzSharp": {
        "type": "Transitive",
        "resolved": "8.3.1.3",
        "contentHash": "NGZ2+ZVNPM+NdHB/asW0/ykWngyHWwcqjrbN2nDeH1B/aptPGlCUl8wkQ2cSJxw5fdWgdmIPmNuTPWpLwNVXWg==",
        "dependencies": {
          "HarfBuzzSharp.NativeAssets.Win32": "8.3.1.3",
          "HarfBuzzSharp.NativeAssets.macOS": "8.3.1.3"
        }
      },
      "HarfBuzzSharp.NativeAssets.Linux": {
        "type": "Transitive",
        "resolved": "8.3.1.3",
        "contentHash": "RI6A1LgmooU30+4QIyFt5rmBCzP0VzTR+587IJSGvYIsHHWlahFufihYxtraLfsIhW7I8dn6+xX+DZGygOPKWQ=="
      },
      "HarfBuzzSharp.NativeAssets.macOS": {
        "type": "Transitive",
        "resolved": "8.3.1.3",
        "contentHash": "KPTq0xnslkI6nAo0jh3ptcQPJvZZr7MWYXa2jUe4SnHc9q+JlHElmNXp0sfFoiTgoCX7WOYpYsurypuH9Gehxw=="
      },
      "HarfBuzzSharp.NativeAssets.WebAssembly": {
        "type": "Transitive",
        "resolved": "8.3.1.3",
        "contentHash": "w2QfdNm9Uz/sUa0B5D+OnVQhyq3G/fBq6ibQMdWBlQqqwh0g0/5j3RFvYqZAmRZ5+RzvjVe8o8SFFnWYUSkuxA=="
      },
      "HarfBuzzSharp.NativeAssets.Win32": {
        "type": "Transitive",
        "resolved": "8.3.1.3",
        "contentHash": "bx8CE8Js+XGX8PUxAHCBDEORt5aaBYtMN4Hr9QFs57Xithh6yjUyYqksizH6eRDhJkwsGI+SXWmPmMm8lZC9Pw=="
      },
      "MicroCom.Runtime": {
        "type": "Transitive",
        "resolved": "0.11.4",
        "contentHash": "yZ8+Lgwo+KtRI29TB2mIOEMzV+csMJ+pKZg4YHReAP3vRewWLKKeYfrBDo5FS69rWnEbCfU3sbM+ZEQr+GDLtg=="
      },
      "Microsoft.ApplicationInsights": {
        "type": "Transitive",
        "resolved": "2.23.0",
        "contentHash": "nWArUZTdU7iqZLycLKWe0TDms48KKGE6pONH2terYNa8REXiqixrMOkf1sk5DHGMaUTqONU2YkS4SAXBhLStgw=="
      },
      "Microsoft.Bcl.AsyncInterfaces": {
        "type": "Transitive",
        "resolved": "6.0.0",
        "contentHash": "UcSjPsst+DfAdJGVDsu346FX0ci0ah+lw3WRtn18NUwEqRt70HaOQ7lI72vy3+1LxtqI3T5GWwV39rQSrCzAeg=="
      },
      "Microsoft.CodeCoverage": {
        "type": "Transitive",
        "resolved": "18.6.0",
        "contentHash": "bkmCXn/65Cd0LdO2zTb/ValGAJ1H8y/CgYOiBb3jsDyHI3Y1ljKx6RBvhvn3e5D/4R4I00RRwLf+Bd2Sn6bJjA=="
      },
      "Microsoft.Extensions.ObjectPool": {
        "type": "Transitive",
        "resolved": "10.0.3",
        "contentHash": "dQKlVXzqflsv5X8iDlAN5YmTL1GcLCrOLKo1s9PNdfjqxeu0S/jmWTfiLGno+8+o1qFL3+VFAH5/ftmypN+sPw=="
      },
      "Microsoft.Testing.Extensions.Telemetry": {
        "type": "Transitive",
        "resolved": "1.9.1",
        "contentHash": "No5AudZMmSb+uNXjlgL2y3/stHD2IT4uxqc5yHwkE+/nNux9jbKcaJMvcp9SwgP4DVD8L9/P3OUz8mmmcvEIdQ==",
        "dependencies": {
          "Microsoft.ApplicationInsights": "2.23.0",
          "Microsoft.Testing.Platform": "1.9.1"
        }
      },
      "Microsoft.Testing.Extensions.TrxReport.Abstractions": {
        "type": "Transitive",
        "resolved": "1.9.1",
        "contentHash": "AL46Xe1WBi85Ntd4mNPvat5ZSsZ2uejiVqoKCypr8J3wK0elA5xJ3AN4G/Q4GIwzUFnggZoH/DBjnr9J18IO/g==",
        "dependencies": {
          "Microsoft.Testing.Platform": "1.9.1"
        }
      },
      "Microsoft.Testing.Platform": {
        "type": "Transitive",
        "resolved": "1.9.1",
        "contentHash": "QafNtNSmEI0zazdebnsIkDKmFtTSpmx/5PLOjURWwozcPb3tvRxzosQSL8xwYNM1iPhhKiBksXZyRSE2COisrA=="
      },
      "Microsoft.Testing.Platform.MSBuild": {
        "type": "Transitive",
        "resolved": "1.9.1",
        "contentHash": "oTUtyR4X/s9ytuiNA29FGsNCCH0rNmY5Wdm14NCKLjTM1cT9edVSlA+rGS/mVmusPqcP0l/x9qOnMXg16v87RQ==",
        "dependencies": {
          "Microsoft.Testing.Platform": "1.9.1"
        }
      },
      "Microsoft.TestPlatform.ObjectModel": {
        "type": "Transitive",
        "resolved": "18.6.0",
        "contentHash": "gQTW4BIfM2ZLxixo9ITXoulLKjn20FiiHtqTsx9PENqTrX7368ZeJ5L0QZJyReXDWORPRV8jXwZR6Aar8JOyaA=="
      },
      "Microsoft.TestPlatform.TestHost": {
        "type": "Transitive",
        "resolved": "18.6.0",
        "contentHash": "em1eLz5Q46+hsCtAXdXggWAPd9gQyT4ngdsQ7k1eWvQgpsjtS/wAOJ/5TteieFdiAvrEq1iVn00LtusAxRaVmQ==",
        "dependencies": {
          "Microsoft.TestPlatform.ObjectModel": "18.6.0",
          "Newtonsoft.Json": "13.0.3"
        }
      },
      "Microsoft.Win32.Registry": {
        "type": "Transitive",
        "resolved": "5.0.0",
        "contentHash": "dDoKi0PnDz31yAyETfRntsLArTlVAVzUzCIvvEDsDsucrl33Dl8pIJG06ePTJTI3tGpeyHS9Cq7Foc/s4EeKcg=="
      },
      "Newtonsoft.Json": {
        "type": "Transitive",
        "resolved": "13.0.3",
        "contentHash": "HrC5BXdl00IP9zeV+0Z848QWPAoCr9P3bDEZguI+gkLcBKAOxix/tLEAAHC+UvDNPv4a2d18lOReHMOagPa+zQ=="
      },
      "ShimSkiaSharp": {
        "type": "Transitive",
        "resolved": "5.0.0",
        "contentHash": "JLNnt0QME9zcqJMdxdNRLkXVwUSgJdzVykHO+GsXc8OQj8dBpziLp+Pwezye0z4MiduXgsJHlMWl1ci6+79JDA=="
      },
      "SkiaSharp": {
        "type": "Transitive",
        "resolved": "3.119.3-preview.1.1",
        "contentHash": "+3ndwD845G4jfuyhtg5rrjryh2mEOr2QfAPFtncvAsRLzGX0ferSJ0223av6Sbw9zsEL6Wk0sk/DrXtEpJoo5A==",
        "dependencies": {
          "SkiaSharp.NativeAssets.Win32": "3.119.3-preview.1.1",
          "SkiaSharp.NativeAssets.macOS": "3.119.3-preview.1.1"
        }
      },
      "SkiaSharp.NativeAssets.Linux": {
        "type": "Transitive",
        "resolved": "3.119.3-preview.1.1",
        "contentHash": "ZvpglyfQzhVIUmnPGngliPYcg6ROJNs0BV7XwJ+kktdqY0qe8jifP+UUgaMqTlOTjvuvyCbV7AI4qIBUfRe3Vw=="
      },
      "SkiaSharp.NativeAssets.macOS": {
        "type": "Transitive",
        "resolved": "3.119.3-preview.1.1",
        "contentHash": "rv8B3OxG5PGQVxudIPV+ppjqUkt98VRzczNV3qNtearHebWXIcelpHEWzCtMSAYBm1rIsTs+KKAQv8/1exr0kQ=="
      },
      "SkiaSharp.NativeAssets.WebAssembly": {
        "type": "Transitive",
        "resolved": "3.119.3-preview.1.1",
        "contentHash": "Gzvr/fcJZODWNoLVBAIiM8NKudvZ9yL6WHb87fk7iadio9BWQR7GS0fUvWvE3kYaRAAutsjPdGAnkDR0ujlVDw=="
      },
      "SkiaSharp.NativeAssets.Win32": {
        "type": "Transitive",
        "resolved": "3.119.3-preview.1.1",
        "contentHash": "PkMb1pGPBSW3ZL0IVKP9DZs+w065HVs4jGQELsbkmKzKSL5P8KHLkrrmnv2XpFpXtx2njOllB8243N1dBMK+CQ=="
      },
      "Sugiyama": {
        "type": "Transitive",
        "resolved": "0.7.1",
        "contentHash": "mzBwvWUMTdHHX1EwL5PPZSzsK6nkbY0PyjXleaF9ljyUY5Hcf6w1Nwls5IH5ydxzSGhVGeW6EnIWHoh08GKinA=="
      },
      "Svg.Animation": {
        "type": "Transitive",
        "resolved": "5.0.0",
        "contentHash": "17UFfTLEoLDuam4lyyCAz9ta6BFBoJzFoBkv1sWVtFO8MTNom3qleyMGDDhGJ8nTNoQDj9hElUpQUJXHNsDAfw==",
        "dependencies": {
          "ShimSkiaSharp": "5.0.0",
          "SkiaSharp": "3.119.2",
          "Svg.Custom": "5.0.0",
          "Svg.Model": "5.0.0"
        }
      },
      "Svg.Custom": {
        "type": "Transitive",
        "resolved": "5.0.0",
        "contentHash": "LQ79IO0dEp1e5KIkcKi87DDB2lm9g+wzHIYI0ARM+yXOpW7/9bnEXBUNAGNSnxhUpUIAxxUe5K+XU/sb9Nes/A==",
        "dependencies": {
          "ExCSS": "4.3.1"
        }
      },
      "Svg.Model": {
        "type": "Transitive",
        "resolved": "5.0.0",
        "contentHash": "uNih9t+4XOw0ssLm7S8rSuSXFzhhOgYimRXD9bYG50+s1rnrRwHU0IybKbA/xO2pl+/Z/NddJHIdYpZfd23kWw==",
        "dependencies": {
          "ShimSkiaSharp": "5.0.0",
          "Svg.Custom": "5.0.0"
        }
      },
      "Svg.SceneGraph": {
        "type": "Transitive",
        "resolved": "5.0.0",
        "contentHash": "/erVvnLb27MRunTzm7trAbMj5Z8InhbHM5k5K+sraFMVeMq9e0pNOomKhzoCgsjnAzVBYq6G8v3AkcL7eM5Gpg==",
        "dependencies": {
          "ShimSkiaSharp": "5.0.0",
          "Svg.Custom": "5.0.0",
          "Svg.Model": "5.0.0"
        }
      },
      "Svg.Skia": {
        "type": "Transitive",
        "resolved": "5.0.0",
        "contentHash": "O5UGxW7Ci5a0GhJ2rDo8RF4BY/pMG5k3/cSimJmZFcAAgRf7xhTnGSuDyA9EqfFEwIaVHJTJg6knIk0AaMJ1FQ==",
        "dependencies": {
          "HarfBuzzSharp": "8.3.1.3",
          "HarfBuzzSharp.NativeAssets.Linux": "8.3.1.3",
          "HarfBuzzSharp.NativeAssets.Win32": "8.3.1.3",
          "HarfBuzzSharp.NativeAssets.macOS": "8.3.1.3",
          "SkiaSharp": "3.119.2",
          "Svg.Animation": "5.0.0",
          "Svg.Custom": "5.0.0",
          "Svg.Model": "5.0.0",
          "Svg.SceneGraph": "5.0.0"
        }
      },
      "xunit.analyzers": {
        "type": "Transitive",
        "resolved": "1.27.0",
        "contentHash": "y/pxIQaLvk/kxAoDkZW9GnHLCEqzwl5TW0vtX3pweyQpjizB9y3DXhb9pkw2dGeUqhLjsxvvJM1k89JowU6z3g=="
      },
      "xunit.v3.assert": {
        "type": "Transitive",
        "resolved": "3.2.2",
        "contentHash": "BPciBghgEEaJN/JG00QfCYDfEfnLgQhfnYEy+j1izoeHVNYd5+3Wm8GJ6JgYysOhpBPYGE+sbf75JtrRc7jrdA=="
      },
      "xunit.v3.common": {
        "type": "Transitive",
        "resolved": "3.2.2",
        "contentHash": "Hj775PEH6GTbbg0wfKRvG2hNspDCvTH9irXhH4qIWgdrOSV1sQlqPie+DOvFeigsFg2fxSM3ZAaaCDQs+KreFA==",
        "dependencies": {
          "Microsoft.Bcl.AsyncInterfaces": "6.0.0"
        }
      },
      "xunit.v3.core.mtp-v1": {
        "type": "Transitive",
        "resolved": "3.2.2",
        "contentHash": "Ga5aA2Ca9ktz+5k3g5ukzwfexwoqwDUpV6z7atSEUvqtd6JuybU1XopHqg1oFd78QdTfZgZE9h5sHpO4qYIi5w==",
        "dependencies": {
          "Microsoft.Testing.Extensions.Telemetry": "1.9.1",
          "Microsoft.Testing.Extensions.TrxReport.Abstractions": "1.9.1",
          "Microsoft.Testing.Platform": "1.9.1",
          "Microsoft.Testing.Platform.MSBuild": "1.9.1",
          "xunit.v3.extensibility.core": "[3.2.2]",
          "xunit.v3.runner.inproc.console": "[3.2.2]"
        }
      },
      "xunit.v3.extensibility.core": {
        "type": "Transitive",
        "resolved": "3.2.2",
        "contentHash": "srY8z/oMPvh/t8axtO2DwrHajhFMH7tnqKildvYrVQIfICi8fOn3yIBWkVPAcrKmHMwvXRJ/XsQM3VMR6DOYfQ==",
        "dependencies": {
          "xunit.v3.common": "[3.2.2]"
        }
      },
      "xunit.v3.mtp-v1": {
        "type": "Transitive",
        "resolved": "3.2.2",
        "contentHash": "O41aAzYKBT5PWqATa1oEWVNCyEUypFQ4va6K0kz37dduV3EKzXNMaV2UnEhufzU4Cce1I33gg0oldS8tGL5I0A==",
        "dependencies": {
          "xunit.analyzers": "1.27.0",
          "xunit.v3.assert": "[3.2.2]",
          "xunit.v3.core.mtp-v1": "[3.2.2]"
        }
      },
      "xunit.v3.runner.common": {
        "type": "Transitive",
        "resolved": "3.2.2",
        "contentHash": "/hkHkQCzGrugelOAehprm7RIWdsUFVmIVaD6jDH/8DNGCymTlKKPTbGokD5czbAfqfex47mBP0sb0zbHYwrO/g==",
        "dependencies": {
          "Microsoft.Win32.Registry": "[5.0.0]",
          "xunit.v3.common": "[3.2.2]"
        }
      },
      "xunit.v3.runner.inproc.console": {
        "type": "Transitive",
        "resolved": "3.2.2",
        "contentHash": "ulWOdSvCk+bPXijJZ73bth9NyoOHsAs1ZOvamYbCkD4DNLX/Bd29Ve2ZNUwBbK0MqfIYWXHZViy/HKrdEC/izw==",
        "dependencies": {
          "xunit.v3.extensibility.core": "[3.2.2]",
          "xunit.v3.runner.common": "[3.2.2]"
        }
      },
      "markview.avalonia": {
        "type": "Project",
        "dependencies": {
          "Avalonia": "[12.0.4, )",
          "Markdig": "[1.1.3, )"
        }
      },
      "markview.avalonia.mermaid": {
        "type": "Project",
        "dependencies": {
          "MarkView.Avalonia": "[1.0.0, )",
          "Mermaider": "[0.7.1, )",
          "Svg.Controls.Skia.Avalonia": "[12.0.0.11, )"
        }
      },
      "Avalonia": {
        "type": "CentralTransitive",
        "requested": "[12.0.4, )",
        "resolved": "12.0.4",
        "contentHash": "0ehIUuOVaR3OmsL8YK8v9yCCnOpzRtQSDgP5Nh2fMc+Lji8WoVGD+J6nvwkGjCH5hbm1urgvkVYWAYWkby0EeQ==",
        "dependencies": {
          "Avalonia.BuildServices": "11.3.2",
          "Avalonia.Remote.Protocol": "12.0.4",
          "MicroCom.Runtime": "0.11.4"
        }
      },
      "Avalonia.Fonts.Inter": {
        "type": "CentralTransitive",
        "requested": "[12.0.4, )",
        "resolved": "12.0.4",
        "contentHash": "wXyoxswY4hD6Ly9iB9sojD4rZ104trm2Z1HWLgjHo/eZcBpwT6/T0CDOVp2PeN2wSd72bKlE0n3pFj9t/z7Ipw==",
        "dependencies": {
          "Avalonia": "12.0.4"
        }
      },
      "Markdig": {
        "type": "CentralTransitive",
        "requested": "[1.1.3, )",
        "resolved": "1.1.3",
        "contentHash": "wboYc6YToID7koq+onej7rjd/kv4urZaZ4QMiJoF/jXt/ZlXe2Af9gWG4nOe5tk654UaOPYvKL64iFum7qWEYA=="
      },
      "Mermaider": {
        "type": "CentralTransitive",
        "requested": "[0.7.1, )",
        "resolved": "0.7.1",
        "contentHash": "Y6k/JxPLeCjT23Ps/eCx+KZOYEbZciFkCSmN77TEMLlJ4OsZwuNdhUTOMInXp8NWcCRwqJBcmFUl3JTm2l0iiQ==",
        "dependencies": {
          "Microsoft.Extensions.ObjectPool": "10.0.3",
          "Sugiyama": "0.7.1"
        }
      },
      "Svg.Controls.Skia.Avalonia": {
        "type": "CentralTransitive",
        "requested": "[12.0.0.11, )",
        "resolved": "12.0.0.11",
        "contentHash": "5KX6xir74WzlNo2G+oun/0j5F6LOWZF0YDkA5uXCXxUmX+lHYmtYWc03JaYLrwazQmkPTjWaLKIzGkv3OXsgVg==",
        "dependencies": {
          "Avalonia.Skia": "12.0.0",
          "Svg.Skia": "5.0.0"
        }
      }
    }
  }
}